
Microsoft Visual Studio Solution File, Format Version 12.00
# Visual Studio Version 17
VisualStudioVersion = 17.2.32516.85
MinimumVisualStudioVersion = 10.0.40219.1
Project("{FAE04EC0-301F-11D3-BF4B-00C04F79EFBC}") = "domino-api", "domino-api\domino-api.csproj", "{1A4D748A-253B-42B9-A0AC-6CA8C9BD7901}"
EndProject
Global
	GlobalSection(SolutionConfigurationPlatforms) = preSolution
		Debug|Any CPU = Debug|Any CPU
		Release|Any CPU = Release|Any CPU
	EndGlobalSection
	GlobalSection(ProjectConfigurationPlatforms) = postSolution
		{1A4D748A-253B-42B9-A0AC-6CA8C9BD7901}.Debug|Any CPU.ActiveCfg = Debug|Any CPU
		{1A4D748A-253B-42B9-A0AC-6CA8C9BD7901}.Debug|Any CPU.Build.0 = Debug|Any CPU
		{1A4D748A-253B-42B9-A0AC-6CA8C9BD7901}.Release|Any CPU.ActiveCfg = Release|Any CPU
		{1A4D748A-253B-42B9-A0AC-6CA8C9BD7901}.Release|Any CPU.Build.0 = Release|Any CPU
	EndGlobalSection
	GlobalSection(SolutionProperties) = preSolution
		HideSolutionNode = FALSE
	EndGlobalSection
	GlobalSection(ExtensibilityGlobals) = postSolution
		SolutionGuid = {4DAF7E27-E173-43D0-BAF1-80DE335A7E0B}
	EndGlobalSection
EndGlobal
